{
    "_meta": {
        "hash": {
            "sha256": "c85780093c5cf1ba815871d0db0426eb8d20e53e81a21dcfd90680e14618b58b"
        },
        "pipfile-spec": 6,
        "requires": {
            "python_version": "3.8"
        },
        "sources": [
            {
                "name": "pypi",
                "url": "https://pypi.org/simple",
                "verify_ssl": true
            }
        ]
    },
    "default": {
        "nui": {
            "git": "https://github.com/TheNovi/Nui.git",
            "ref": "878ba71ebac2382cebbdf3949ed083dc27d69430"
        }
    },
    "develop": {}
}
