{
    "_meta": {
        "hash": {
            "sha256": "6d6d9f3332a9ef9bae268779bf49335938763d939b77cd6a6efbd30cf87cc972"
        },
        "pipfile-spec": 6,
        "requires": {
            "python_version": "3.9"
        },
        "sources": [
            {
                "name": "pypi",
                "url": "https://pypi.org/simple",
                "verify_ssl": true
            }
        ]
    },
    "default": {
        "nui": {
            "git": "https://github.com/TheNovi/Nui.git",
            "ref": "76aa7032048e2a7a4fc829bb31bafb53c4358c91"
        }
    },
    "develop": {}
}
